<?xml version="1.0" encoding="utf-8"?>
<Project ToolsVersion="4.0" xmlns="http://schemas.microsoft.com/developer/msbuild/2003">
  <ItemGroup>
    <Filter Include="Source Files">
      <UniqueIdentifier>{4FC737F1-C7A5-4376-A066-2A32D752A2FF}</UniqueIdentifier>
      <Extensions>cpp;c;cc;cxx;c++;cppm;ixx;def;odl;idl;hpj;bat;asm;asmx</Extensions>
    </Filter>
    <Filter Include="Header Files">
      <UniqueIdentifier>{93995380-89BD-4b04-88EB-625FBE52EBFB}</UniqueIdentifier>
      <Extensions>h;hh;hpp;hxx;h++;hm;inl;inc;ipp;xsd</Extensions>
    </Filter>
    <Filter Include="configs">
      <UniqueIdentifier>{48cac8df-292e-42d5-9e2a-b15d443b6bf3}</UniqueIdentifier>
    </Filter>
    <Filter Include="Textures">
      <UniqueIdentifier>{373cedf4-285f-43ef-b260-8aded479981d}</UniqueIdentifier>
    </Filter>
  </ItemGroup>
  <ItemGroup>
    <ClInclude Include="GameDisplay.hpp">
      <Filter>Header Files</Filter>
    </ClInclude>
    <ClInclude Include="resource.h">
      <Filter>Header Files</Filter>
    </ClInclude>
    <ClInclude Include="Pager.hpp">
      <Filter>Header Files</Filter>
    </ClInclude>
    <ClInclude Include="GameController.hpp">
      <Filter>Header Files</Filter>
    </ClInclude>
    <ClInclude Include="Station.hpp">
      <Filter>Header Files</Filter>
    </ClInclude>
  </ItemGroup>
  <ItemGroup>
    <ClCompile Include="GameDisplay.cpp">
      <Filter>Source Files</Filter>
    </ClCompile>
    <ClCompile Include="main.cpp">
      <Filter>Source Files</Filter>
    </ClCompile>
    <ClCompile Include="Pager.cpp">
      <Filter>Source Files</Filter>
    </ClCompile>
    <ClCompile Include="GameController.cpp">
      <Filter>Source Files</Filter>
    </ClCompile>
    <ClCompile Include="Station.cpp">
      <Filter>Source Files</Filter>
    </ClCompile>
  </ItemGroup>
  <ItemGroup>
    <None Include="Display.epp">
      <Filter>configs</Filter>
    </None>
    <None Include="setVertAndTexCoords.epp">
      <Filter>configs</Filter>
    </None>
    <None Include="redCards.epp">
      <Filter>configs</Filter>
    </None>
    <None Include="blueCards.epp">
      <Filter>configs</Filter>
    </None>
    <None Include="greenCards.epp">
      <Filter>configs</Filter>
    </None>
    <None Include="yellowCards.epp">
      <Filter>configs</Filter>
    </None>
    <None Include="wildCards.epp">
      <Filter>configs</Filter>
    </None>
    <None Include="textures.epp">
      <Filter>configs</Filter>
    </None>
    <None Include="station.epp">
      <Filter>configs</Filter>
    </None>
    <None Include="gamecontroller.epp">
      <Filter>configs</Filter>
    </None>
  </ItemGroup>
  <ItemGroup>
    <ClInclude Include="Card.hpp">
      <Filter>Header Files</Filter>
    </ClInclude>
  </ItemGroup>
  <ItemGroup>
    <ClCompile Include="Card.cpp">
      <Filter>Source Files</Filter>
    </ClCompile>
  </ItemGroup>
  <ItemGroup>
    <Image Include="..\..\mixr-data\textures\UNO\Cards\redzero.bmp">
      <Filter>Textures</Filter>
    </Image>
    <Image Include="..\..\mixr-data\textures\UNO\Cards\drawfour.bmp">
      <Filter>Textures</Filter>
    </Image>
    <Image Include="..\..\mixr-data\textures\UNO\Cards\reddrawtwo.bmp">
      <Filter>Textures</Filter>
    </Image>
    <Image Include="..\..\mixr-data\textures\UNO\Cards\redeight.bmp">
      <Filter>Textures</Filter>
    </Image>
    <Image Include="..\..\mixr-data\textures\UNO\Cards\redfive.bmp">
      <Filter>Textures</Filter>
    </Image>
    <Image Include="..\..\mixr-data\textures\UNO\Cards\redfour.bmp">
      <Filter>Textures</Filter>
    </Image>
    <Image Include="..\..\mixr-data\textures\UNO\Cards\rednine.bmp">
      <Filter>Textures</Filter>
    </Image>
    <Image Include="..\..\mixr-data\textures\UNO\Cards\redone.bmp">
      <Filter>Textures</Filter>
    </Image>
    <Image Include="..\..\mixr-data\textures\UNO\Cards\redreverse.bmp">
      <Filter>Textures</Filter>
    </Image>
    <Image Include="..\..\mixr-data\textures\UNO\Cards\redseven.bmp">
      <Filter>Textures</Filter>
    </Image>
    <Image Include="..\..\mixr-data\textures\UNO\Cards\redsix.bmp">
      <Filter>Textures</Filter>
    </Image>
    <Image Include="..\..\mixr-data\textures\UNO\Cards\redskip.bmp">
      <Filter>Textures</Filter>
    </Image>
    <Image Include="..\..\mixr-data\textures\UNO\Cards\redthree.bmp">
      <Filter>Textures</Filter>
    </Image>
    <Image Include="..\..\mixr-data\textures\UNO\Cards\redtwo.bmp">
      <Filter>Textures</Filter>
    </Image>
    <Image Include="..\..\mixr-data\textures\UNO\Cards\wild.bmp">
      <Filter>Textures</Filter>
    </Image>
    <Image Include="Textures\yellowzero.bmp">
      <Filter>Textures</Filter>
    </Image>
    <Image Include="Textures\yellowdrawtwo.bmp">
      <Filter>Textures</Filter>
    </Image>
    <Image Include="Textures\yelloweight.bmp">
      <Filter>Textures</Filter>
    </Image>
    <Image Include="Textures\yellowfive.bmp">
      <Filter>Textures</Filter>
    </Image>
    <Image Include="Textures\yellowfour.bmp">
      <Filter>Textures</Filter>
    </Image>
    <Image Include="Textures\yellownine.bmp">
      <Filter>Textures</Filter>
    </Image>
    <Image Include="Textures\yellowone.bmp">
      <Filter>Textures</Filter>
    </Image>
    <Image Include="Textures\yellowreverse.bmp">
      <Filter>Textures</Filter>
    </Image>
    <Image Include="Textures\yellowseven.bmp">
      <Filter>Textures</Filter>
    </Image>
    <Image Include="Textures\yellowsix.bmp">
      <Filter>Textures</Filter>
    </Image>
    <Image Include="Textures\yellowskip.bmp">
      <Filter>Textures</Filter>
    </Image>
    <Image Include="Textures\yellowthree.bmp">
      <Filter>Textures</Filter>
    </Image>
    <Image Include="Textures\yellowtwo.bmp">
      <Filter>Textures</Filter>
    </Image>
    <Image Include="Textures\greenzero.bmp">
      <Filter>Textures</Filter>
    </Image>
    <Image Include="Textures\bluedrawtwo.bmp">
      <Filter>Textures</Filter>
    </Image>
    <Image Include="Textures\blueeight.bmp">
      <Filter>Textures</Filter>
    </Image>
    <Image Include="Textures\bluefive.bmp">
      <Filter>Textures</Filter>
    </Image>
    <Image Include="Textures\bluefour.bmp">
      <Filter>Textures</Filter>
    </Image>
    <Image Include="Textures\bluenine.bmp">
      <Filter>Textures</Filter>
    </Image>
    <Image Include="Textures\blueone.bmp">
      <Filter>Textures</Filter>
    </Image>
    <Image Include="Textures\bluereverse.bmp">
      <Filter>Textures</Filter>
    </Image>
    <Image Include="Textures\blueseven.bmp">
      <Filter>Textures</Filter>
    </Image>
    <Image Include="Textures\bluesix.bmp">
      <Filter>Textures</Filter>
    </Image>
    <Image Include="Textures\blueskip.bmp">
      <Filter>Textures</Filter>
    </Image>
    <Image Include="Textures\bluethree.bmp">
      <Filter>Textures</Filter>
    </Image>
    <Image Include="Textures\bluetwo.bmp">
      <Filter>Textures</Filter>
    </Image>
    <Image Include="Textures\bluezero.bmp">
      <Filter>Textures</Filter>
    </Image>
    <Image Include="Textures\greendrawtwo.bmp">
      <Filter>Textures</Filter>
    </Image>
    <Image Include="Textures\greeneight.bmp">
      <Filter>Textures</Filter>
    </Image>
    <Image Include="Textures\greenfive.bmp">
      <Filter>Textures</Filter>
    </Image>
    <Image Include="Textures\greenfour.bmp">
      <Filter>Textures</Filter>
    </Image>
    <Image Include="Textures\greennine.bmp">
      <Filter>Textures</Filter>
    </Image>
    <Image Include="Textures\greenone.bmp">
      <Filter>Textures</Filter>
    </Image>
    <Image Include="Textures\greenreverse.bmp">
      <Filter>Textures</Filter>
    </Image>
    <Image Include="Textures\greenseven.bmp">
      <Filter>Textures</Filter>
    </Image>
    <Image Include="Textures\greensix.bmp">
      <Filter>Textures</Filter>
    </Image>
    <Image Include="Textures\greenskip.bmp">
      <Filter>Textures</Filter>
    </Image>
    <Image Include="Textures\greenthree.bmp">
      <Filter>Textures</Filter>
    </Image>
    <Image Include="Textures\greentwo.bmp">
      <Filter>Textures</Filter>
    </Image>
    <Image Include="..\..\mixr-data\textures\UnoRules2048x1024.bmp">
      <Filter>Textures</Filter>
    </Image>
    <Image Include="..\..\mixr-data\textures\UNO\Cards\logocard.bmp">
      <Filter>Textures</Filter>
    </Image>
  </ItemGroup>
</Project>